
Microsoft Visual Studio Solution File, Format Version 12.00
# Visual Studio Version 17
VisualStudioVersion = 17.6.33829.357
MinimumVisualStudioVersion = 10.0.40219.1
Project("{FAE04EC0-301F-11D3-BF4B-00C04F79EFBC}") = "MVVMTemplate", "MVVMTemplate\MVVMTemplate.csproj", "{EFDEB1E7-E83B-48C7-A861-CA29F97A623A}"
EndProject
Project("{FAE04EC0-301F-11D3-BF4B-00C04F79EFBC}") = "MVVMEssentials", "MVVMEssentials\MVVMEssentials.csproj", "{289D48C5-519C-4544-9CA6-5359B12CD722}"
EndProject
Project("{FAE04EC0-301F-11D3-BF4B-00C04F79EFBC}") = "ModalControl", "ModalControl\ModalControl.csproj", "{62EA2E0A-24BC-4C7E-AC06-DE7CE4132245}"
EndProject
Global
	GlobalSection(SolutionConfigurationPlatforms) = preSolution
		Debug|Any CPU = Debug|Any CPU
		Release|Any CPU = Release|Any CPU
	EndGlobalSection
	GlobalSection(ProjectConfigurationPlatforms) = postSolution
		{EFDEB1E7-E83B-48C7-A861-CA29F97A623A}.Debug|Any CPU.ActiveCfg = Debug|Any CPU
		{EFDEB1E7-E83B-48C7-A861-CA29F97A623A}.Debug|Any CPU.Build.0 = Debug|Any CPU
		{EFDEB1E7-E83B-48C7-A861-CA29F97A623A}.Release|Any CPU.ActiveCfg = Release|Any CPU
		{EFDEB1E7-E83B-48C7-A861-CA29F97A623A}.Release|Any CPU.Build.0 = Release|Any CPU
		{289D48C5-519C-4544-9CA6-5359B12CD722}.Debug|Any CPU.ActiveCfg = Debug|Any CPU
		{289D48C5-519C-4544-9CA6-5359B12CD722}.Debug|Any CPU.Build.0 = Debug|Any CPU
		{289D48C5-519C-4544-9CA6-5359B12CD722}.Release|Any CPU.ActiveCfg = Release|Any CPU
		{289D48C5-519C-4544-9CA6-5359B12CD722}.Release|Any CPU.Build.0 = Release|Any CPU
		{62EA2E0A-24BC-4C7E-AC06-DE7CE4132245}.Debug|Any CPU.ActiveCfg = Debug|Any CPU
		{62EA2E0A-24BC-4C7E-AC06-DE7CE4132245}.Debug|Any CPU.Build.0 = Debug|Any CPU
		{62EA2E0A-24BC-4C7E-AC06-DE7CE4132245}.Release|Any CPU.ActiveCfg = Release|Any CPU
		{62EA2E0A-24BC-4C7E-AC06-DE7CE4132245}.Release|Any CPU.Build.0 = Release|Any CPU
	EndGlobalSection
	GlobalSection(SolutionProperties) = preSolution
		HideSolutionNode = FALSE
	EndGlobalSection
	GlobalSection(ExtensibilityGlobals) = postSolution
		SolutionGuid = {C915025C-B5E6-4C10-B5C0-048414042594}
	EndGlobalSection
EndGlobal
